
Microsoft Visual Studio Solution File, Format Version 12.00
# Visual Studio Version 16
VisualStudioVersion = 16.0.31424.327
MinimumVisualStudioVersion = 10.0.40219.1
Project("{FAE04EC0-301F-11D3-BF4B-00C04F79EFBC}") = "Zadanie_6", "Zadanie_6\Zadanie_6.csproj", "{4E2E5CAD-2923-4D0C-BB71-4912536C750B}"
EndProject
Global
	GlobalSection(SolutionConfigurationPlatforms) = preSolution
		Debug|Any CPU = Debug|Any CPU
		Release|Any CPU = Release|Any CPU
	EndGlobalSection
	GlobalSection(ProjectConfigurationPlatforms) = postSolution
		{4E2E5CAD-2923-4D0C-BB71-4912536C750B}.Debug|Any CPU.ActiveCfg = Debug|Any CPU
		{4E2E5CAD-2923-4D0C-BB71-4912536C750B}.Debug|Any CPU.Build.0 = Debug|Any CPU
		{4E2E5CAD-2923-4D0C-BB71-4912536C750B}.Release|Any CPU.ActiveCfg = Release|Any CPU
		{4E2E5CAD-2923-4D0C-BB71-4912536C750B}.Release|Any CPU.Build.0 = Release|Any CPU
	EndGlobalSection
	GlobalSection(SolutionProperties) = preSolution
		HideSolutionNode = FALSE
	EndGlobalSection
	GlobalSection(ExtensibilityGlobals) = postSolution
		SolutionGuid = {B29094EF-CC33-4849-B882-A6B061BBEF30}
	EndGlobalSection
EndGlobal
